
Microsoft Visual Studio Solution File, Format Version 12.00
# Visual Studio 15
VisualStudioVersion = 15.0.27703.2026
MinimumVisualStudioVersion = 10.0.40219.1
Project("{FAE04EC0-301F-11D3-BF4B-00C04F79EFBC}") = "DogBreeds.Mvc", "DogBreeds.Mvc\DogBreeds.Mvc.csproj", "{AFA11E00-A888-4453-AC63-0468DD473245}"
EndProject
Project("{9A19103F-16F7-4668-BE54-9A1E7A4F7556}") = "DogBreeds.Test", "DogBreeds.Test\DogBreeds.Test.csproj", "{21571A26-1BF7-45CF-8EEC-F55F0CA50E59}"
EndProject
Global
	GlobalSection(SolutionConfigurationPlatforms) = preSolution
		Debug|Any CPU = Debug|Any CPU
		Release|Any CPU = Release|Any CPU
	EndGlobalSection
	GlobalSection(ProjectConfigurationPlatforms) = postSolution
		{AFA11E00-A888-4453-AC63-0468DD473245}.Debug|Any CPU.ActiveCfg = Debug|Any CPU
		{AFA11E00-A888-4453-AC63-0468DD473245}.Debug|Any CPU.Build.0 = Debug|Any CPU
		{AFA11E00-A888-4453-AC63-0468DD473245}.Release|Any CPU.ActiveCfg = Release|Any CPU
		{AFA11E00-A888-4453-AC63-0468DD473245}.Release|Any CPU.Build.0 = Release|Any CPU
		{21571A26-1BF7-45CF-8EEC-F55F0CA50E59}.Debug|Any CPU.ActiveCfg = Debug|Any CPU
		{21571A26-1BF7-45CF-8EEC-F55F0CA50E59}.Debug|Any CPU.Build.0 = Debug|Any CPU
		{21571A26-1BF7-45CF-8EEC-F55F0CA50E59}.Release|Any CPU.ActiveCfg = Release|Any CPU
		{21571A26-1BF7-45CF-8EEC-F55F0CA50E59}.Release|Any CPU.Build.0 = Release|Any CPU
	EndGlobalSection
	GlobalSection(SolutionProperties) = preSolution
		HideSolutionNode = FALSE
	EndGlobalSection
	GlobalSection(ExtensibilityGlobals) = postSolution
		SolutionGuid = {F769253C-EE91-4E5E-B1E5-BC443E3338BA}
	EndGlobalSection
EndGlobal
